
Microsoft Visual Studio Solution File, Format Version 12.00
# Visual Studio Version 17
VisualStudioVersion = 17.7.34031.279
MinimumVisualStudioVersion = 10.0.40219.1
Project("{FAE04EC0-301F-11D3-BF4B-00C04F79EFBC}") = "ProjectGIT", "ProjectGIT\ProjectGIT.csproj", "{3057508F-780F-4AD5-99C9-B2EE8964B4DB}"
EndProject
Global
	GlobalSection(SolutionConfigurationPlatforms) = preSolution
		Debug|Any CPU = Debug|Any CPU
		Release|Any CPU = Release|Any CPU
	EndGlobalSection
	GlobalSection(ProjectConfigurationPlatforms) = postSolution
		{3057508F-780F-4AD5-99C9-B2EE8964B4DB}.Debug|Any CPU.ActiveCfg = Debug|Any CPU
		{3057508F-780F-4AD5-99C9-B2EE8964B4DB}.Debug|Any CPU.Build.0 = Debug|Any CPU
		{3057508F-780F-4AD5-99C9-B2EE8964B4DB}.Release|Any CPU.ActiveCfg = Release|Any CPU
		{3057508F-780F-4AD5-99C9-B2EE8964B4DB}.Release|Any CPU.Build.0 = Release|Any CPU
	EndGlobalSection
	GlobalSection(SolutionProperties) = preSolution
		HideSolutionNode = FALSE
	EndGlobalSection
	GlobalSection(ExtensibilityGlobals) = postSolution
		SolutionGuid = {43DE868B-FD3C-432C-A562-398FFD74ECFC}
	EndGlobalSection
EndGlobal
